// !$*UTF8*$!
{
	archiveVersion = 1;
	classes = {
	};
	objectVersion = 46;
	objects = {

/* Begin PBXBuildFile section */
		DB5D08C719AD976C0083FF5C /* Foundation.framework in Frameworks */ = {isa = PBXBuildFile; fileRef = DB5D08C619AD976C0083FF5C /* Foundation.framework */; };
		DB5D08C919AD976C0083FF5C /* CoreGraphics.framework in Frameworks */ = {isa = PBXBuildFile; fileRef = DB5D08C819AD976C0083FF5C /* CoreGraphics.framework */; };
		DB5D08CB19AD976C0083FF5C /* UIKit.framework in Frameworks */ = {isa = PBXBuildFile; fileRef = DB5D08CA19AD976C0083FF5C /* UIKit.framework */; };
		DB5D08D119AD976C0083FF5C /* InfoPlist.strings in Resources */ = {isa = PBXBuildFile; fileRef = DB5D08CF19AD976C0083FF5C /* InfoPlist.strings */; };
		DB5D08D319AD976C0083FF5C /* main.m in Sources */ = {isa = PBXBuildFile; fileRef = DB5D08D219AD976C0083FF5C /* main.m */; };
		DB5D08D719AD976C0083FF5C /* RZAppDelegate.m in Sources */ = {isa = PBXBuildFile; fileRef = DB5D08D619AD976C0083FF5C /* RZAppDelegate.m */; };
		DB5D08DA19AD976C0083FF5C /* Main.storyboard in Resources */ = {isa = PBXBuildFile; fileRef = DB5D08D819AD976C0083FF5C /* Main.storyboard */; };
		DB5D08DD19AD976C0083FF5C /* RZViewController.m in Sources */ = {isa = PBXBuildFile; fileRef = DB5D08DC19AD976C0083FF5C /* RZViewController.m */; };
		DB5D08DF19AD976C0083FF5C /* Images.xcassets in Resources */ = {isa = PBXBuildFile; fileRef = DB5D08DE19AD976C0083FF5C /* Images.xcassets */; };
		DB5D08E619AD976C0083FF5C /* XCTest.framework in Frameworks */ = {isa = PBXBuildFile; fileRef = DB5D08E519AD976C0083FF5C /* XCTest.framework */; };
		DB5D08E719AD976C0083FF5C /* Foundation.framework in Frameworks */ = {isa = PBXBuildFile; fileRef = DB5D08C619AD976C0083FF5C /* Foundation.framework */; };
		DB5D08E819AD976C0083FF5C /* UIKit.framework in Frameworks */ = {isa = PBXBuildFile; fileRef = DB5D08CA19AD976C0083FF5C /* UIKit.framework */; };
		DB5D08F019AD976C0083FF5C /* InfoPlist.strings in Resources */ = {isa = PBXBuildFile; fileRef = DB5D08EE19AD976C0083FF5C /* InfoPlist.strings */; };
		DB5D08F219AD976C0083FF5C /* Volume_SetterTests.m in Sources */ = {isa = PBXBuildFile; fileRef = DB5D08F119AD976C0083FF5C /* Volume_SetterTests.m */; };
/* End PBXBuildFile section */

/* Begin PBXContainerItemProxy section */
		DB5D08E919AD976C0083FF5C /* PBXContainerItemProxy */ = {
			isa = PBXContainerItemProxy;
			containerPortal = DB5D08BB19AD976C0083FF5C /* Project object */;
			proxyType = 1;
			remoteGlobalIDString = DB5D08C219AD976C0083FF5C;
			remoteInfo = "Volume Setter";
		};
/* End PBXContainerItemProxy section */

/* Begin PBXFileReference section */
		DB5D08C319AD976C0083FF5C /* Volume Setter.app */ = {isa = PBXFileReference; explicitFileType = wrapper.application; includeInIndex = 0; path = "Volume Setter.app"; sourceTree = BUILT_PRODUCTS_DIR; };
		DB5D08C619AD976C0083FF5C /* Foundation.framework */ = {isa = PBXFileReference; lastKnownFileType = wrapper.framework; name = Foundation.framework; path = System/Library/Frameworks/Foundation.framework; sourceTree = SDKROOT; };
		DB5D08C819AD976C0083FF5C /* CoreGraphics.framework */ = {isa = PBXFileReference; lastKnownFileType = wrapper.framework; name = CoreGraphics.framework; path = System/Library/Frameworks/CoreGraphics.framework; sourceTree = SDKROOT; };
		DB5D08CA19AD976C0083FF5C /* UIKit.framework */ = {isa = PBXFileReference; lastKnownFileType = wrapper.framework; name = UIKit.framework; path = System/Library/Frameworks/UIKit.framework; sourceTree = SDKROOT; };
		DB5D08CE19AD976C0083FF5C /* Volume Setter-Info.plist */ = {isa = PBXFileReference; lastKnownFileType = text.plist.xml; path = "Volume Setter-Info.plist"; sourceTree = "<group>"; };
		DB5D08D019AD976C0083FF5C /* en */ = {isa = PBXFileReference; lastKnownFileType = text.plist.strings; name = en; path = en.lproj/InfoPlist.strings; sourceTree = "<group>"; };
		DB5D08D219AD976C0083FF5C /* main.m */ = {isa = PBXFileReference; lastKnownFileType = sourcecode.c.objc; path = main.m; sourceTree = "<group>"; };
		DB5D08D419AD976C0083FF5C /* Volume Setter-Prefix.pch */ = {isa = PBXFileReference; lastKnownFileType = sourcecode.c.h; path = "Volume Setter-Prefix.pch"; sourceTree = "<group>"; };
		DB5D08D519AD976C0083FF5C /* RZAppDelegate.h */ = {isa = PBXFileReference; lastKnownFileType = sourcecode.c.h; path = RZAppDelegate.h; sourceTree = "<group>"; };
		DB5D08D619AD976C0083FF5C /* RZAppDelegate.m */ = {isa = PBXFileReference; lastKnownFileType = sourcecode.c.objc; path = RZAppDelegate.m; sourceTree = "<group>"; };
		DB5D08D919AD976C0083FF5C /* Base */ = {isa = PBXFileReference; lastKnownFileType = file.storyboard; name = Base; path = Base.lproj/Main.storyboard; sourceTree = "<group>"; };
		DB5D08DB19AD976C0083FF5C /* RZViewController.h */ = {isa = PBXFileReference; lastKnownFileType = sourcecode.c.h; path = RZViewController.h; sourceTree = "<group>"; };
		DB5D08DC19AD976C0083FF5C /* RZViewController.m */ = {isa = PBXFileReference; lastKnownFileType = sourcecode.c.objc; path = RZViewController.m; sourceTree = "<group>"; };
		DB5D08DE19AD976C0083FF5C /* Images.xcassets */ = {isa = PBXFileReference; lastKnownFileType = folder.assetcatalog; path = Images.xcassets; sourceTree = "<group>"; };
		DB5D08E419AD976C0083FF5C /* Volume SetterTests.xctest */ = {isa = PBXFileReference; explicitFileType = wrapper.cfbundle; includeInIndex = 0; path = "Volume SetterTests.xctest"; sourceTree = BUILT_PRODUCTS_DIR; };
		DB5D08E519AD976C0083FF5C /* XCTest.framework */ = {isa = PBXFileReference; lastKnownFileType = wrapper.framework; name = XCTest.framework; path = Library/Frameworks/XCTest.framework; sourceTree = DEVELOPER_DIR; };
		DB5D08ED19AD976C0083FF5C /* Volume SetterTests-Info.plist */ = {isa = PBXFileReference; lastKnownFileType = text.plist.xml; path = "Volume SetterTests-Info.plist"; sourceTree = "<group>"; };
		DB5D08EF19AD976C0083FF5C /* en */ = {isa = PBXFileReference; lastKnownFileType = text.plist.strings; name = en; path = en.lproj/InfoPlist.strings; sourceTree = "<group>"; };
		DB5D08F119AD976C0083FF5C /* Volume_SetterTests.m */ = {isa = PBXFileReference; lastKnownFileType = sourcecode.c.objc; path = Volume_SetterTests.m; sourceTree = "<group>"; };
/* End PBXFileReference section */

/* Begin PBXFrameworksBuildPhase section */
		DB5D08C019AD976C0083FF5C /* Frameworks */ = {
			isa = PBXFrameworksBuildPhase;
			buildActionMask = 2147483647;
			files = (
				DB5D08C919AD976C0083FF5C /* CoreGraphics.framework in Frameworks */,
				DB5D08CB19AD976C0083FF5C /* UIKit.framework in Frameworks */,
				DB5D08C719AD976C0083FF5C /* Foundation.framework in Frameworks */,
			);
			runOnlyForDeploymentPostprocessing = 0;
		};
		DB5D08E119AD976C0083FF5C /* Frameworks */ = {
			isa = PBXFrameworksBuildPhase;
			buildActionMask = 2147483647;
			files = (
				DB5D08E619AD976C0083FF5C /* XCTest.framework in Frameworks */,
				DB5D08E819AD976C0083FF5C /* UIKit.framework in Frameworks */,
				DB5D08E719AD976C0083FF5C /* Foundation.framework in Frameworks */,
			);
			runOnlyForDeploymentPostprocessing = 0;
		};
/* End PBXFrameworksBuildPhase section */

/* Begin PBXGroup section */
		DB5D08BA19AD976C0083FF5C = {
			isa = PBXGroup;
			children = (
				DB5D08CC19AD976C0083FF5C /* Volume Setter */,
				DB5D08EB19AD976C0083FF5C /* Volume SetterTests */,
				DB5D08C519AD976C0083FF5C /* Frameworks */,
				DB5D08C419AD976C0083FF5C /* Products */,
			);
			sourceTree = "<group>";
		};
		DB5D08C419AD976C0083FF5C /* Products */ = {
			isa = PBXGroup;
			children = (
				DB5D08C319AD976C0083FF5C /* Volume Setter.app */,
				DB5D08E419AD976C0083FF5C /* Volume SetterTests.xctest */,
			);
			name = Products;
			sourceTree = "<group>";
		};
		DB5D08C519AD976C0083FF5C /* Frameworks */ = {
			isa = PBXGroup;
			children = (
				DB5D08C619AD976C0083FF5C /* Foundation.framework */,
				DB5D08C819AD976C0083FF5C /* CoreGraphics.framework */,
				DB5D08CA19AD976C0083FF5C /* UIKit.framework */,
				DB5D08E519AD976C0083FF5C /* XCTest.framework */,
			);
			name = Frameworks;
			sourceTree = "<group>";
		};
		DB5D08CC19AD976C0083FF5C /* Volume Setter */ = {
			isa = PBXGroup;
			children = (
				DB5D08D519AD976C0083FF5C /* RZAppDelegate.h */,
				DB5D08D619AD976C0083FF5C /* RZAppDelegate.m */,
				DB5D08D819AD976C0083FF5C /* Main.storyboard */,
				DB5D08DB19AD976C0083FF5C /* RZViewController.h */,
				DB5D08DC19AD976C0083FF5C /* RZViewController.m */,
				DB5D08DE19AD976C0083FF5C /* Images.xcassets */,
				DB5D08CD19AD976C0083FF5C /* Supporting Files */,
			);
			path = "Volume Setter";
			sourceTree = "<group>";
		};
		DB5D08CD19AD976C0083FF5C /* Supporting Files */ = {
			isa = PBXGroup;
			children = (
				DB5D08CE19AD976C0083FF5C /* Volume Setter-Info.plist */,
				DB5D08CF19AD976C0083FF5C /* InfoPlist.strings */,
				DB5D08D219AD976C0083FF5C /* main.m */,
				DB5D08D419AD976C0083FF5C /* Volume Setter-Prefix.pch */,
			);
			name = "Supporting Files";
			sourceTree = "<group>";
		};
		DB5D08EB19AD976C0083FF5C /* Volume SetterTests */ = {
			isa = PBXGroup;
			children = (
				DB5D08F119AD976C0083FF5C /* Volume_SetterTests.m */,
				DB5D08EC19AD976C0083FF5C /* Supporting Files */,
			);
			path = "Volume SetterTests";
			sourceTree = "<group>";
		};
		DB5D08EC19AD976C0083FF5C /* Supporting Files */ = {
			isa = PBXGroup;
			children = (
				DB5D08ED19AD976C0083FF5C /* Volume SetterTests-Info.plist */,
				DB5D08EE19AD976C0083FF5C /* InfoPlist.strings */,
			);
			name = "Supporting Files";
			sourceTree = "<group>";
		};
/* End PBXGroup section */

/* Begin PBXNativeTarget section */
		DB5D08C219AD976C0083FF5C /* Volume Setter */ = {
			isa = PBXNativeTarget;
			buildConfigurationList = DB5D08F519AD976D0083FF5C /* Build configuration list for PBXNativeTarget "Volume Setter" */;
			buildPhases = (
				DB5D08BF19AD976C0083FF5C /* Sources */,
				DB5D08C019AD976C0083FF5C /* Frameworks */,
				DB5D08C119AD976C0083FF5C /* Resources */,
			);
			buildRules = (
			);
			dependencies = (
			);
			name = "Volume Setter";
			productName = "Volume Setter";
			productReference = DB5D08C319AD976C0083FF5C /* Volume Setter.app */;
			productType = "com.apple.product-type.application";
		};
		DB5D08E319AD976C0083FF5C /* Volume SetterTests */ = {
			isa = PBXNativeTarget;
			buildConfigurationList = DB5D08F819AD976D0083FF5C /* Build configuration list for PBXNativeTarget "Volume SetterTests" */;
			buildPhases = (
				DB5D08E019AD976C0083FF5C /* Sources */,
				DB5D08E119AD976C0083FF5C /* Frameworks */,
				DB5D08E219AD976C0083FF5C /* Resources */,
			);
			buildRules = (
			);
			dependencies = (
				DB5D08EA19AD976C0083FF5C /* PBXTargetDependency */,
			);
			name = "Volume SetterTests";
			productName = "Volume SetterTests";
			productReference = DB5D08E419AD976C0083FF5C /* Volume SetterTests.xctest */;
			productType = "com.apple.product-type.bundle.unit-test";
		};
/* End PBXNativeTarget section */

/* Begin PBXProject section */
		DB5D08BB19AD976C0083FF5C /* Project object */ = {
			isa = PBXProject;
			attributes = {
				CLASSPREFIX = RZ;
				LastUpgradeCheck = 0510;
				ORGANIZATIONNAME = "Roger Zou";
				TargetAttributes = {
					DB5D08E319AD976C0083FF5C = {
						TestTargetID = DB5D08C219AD976C0083FF5C;
					};
				};
			};
			buildConfigurationList = DB5D08BE19AD976C0083FF5C /* Build configuration list for PBXProject "Volume Setter" */;
			compatibilityVersion = "Xcode 3.2";
			developmentRegion = English;
			hasScannedForEncodings = 0;
			knownRegions = (
				en,
				Base,
			);
			mainGroup = DB5D08BA19AD976C0083FF5C;
			productRefGroup = DB5D08C419AD976C0083FF5C /* Products */;
			projectDirPath = "";
			projectRoot = "";
			targets = (
				DB5D08C219AD976C0083FF5C /* Volume Setter */,
				DB5D08E319AD976C0083FF5C /* Volume SetterTests */,
			);
		};
/* End PBXProject section */

/* Begin PBXResourcesBuildPhase section */
		DB5D08C119AD976C0083FF5C /* Resources */ = {
			isa = PBXResourcesBuildPhase;
			buildActionMask = 2147483647;
			files = (
				DB5D08DF19AD976C0083FF5C /* Images.xcassets in Resources */,
				DB5D08D119AD976C0083FF5C /* InfoPlist.strings in Resources */,
				DB5D08DA19AD976C0083FF5C /* Main.storyboard in Resources */,
			);
			runOnlyForDeploymentPostprocessing = 0;
		};
		DB5D08E219AD976C0083FF5C /* Resources */ = {
			isa = PBXResourcesBuildPhase;
			buildActionMask = 2147483647;
			files = (
				DB5D08F019AD976C0083FF5C /* InfoPlist.strings in Resources */,
			);
			runOnlyForDeploymentPostprocessing = 0;
		};
/* End PBXResourcesBuildPhase section */

/* Begin PBXSourcesBuildPhase section */
		DB5D08BF19AD976C0083FF5C /* Sources */ = {
			isa = PBXSourcesBuildPhase;
			buildActionMask = 2147483647;
			files = (
				DB5D08D719AD976C0083FF5C /* RZAppDelegate.m in Sources */,
				DB5D08DD19AD976C0083FF5C /* RZViewController.m in Sources */,
				DB5D08D319AD976C0083FF5C /* main.m in Sources */,
			);
			runOnlyForDeploymentPostprocessing = 0;
		};
		DB5D08E019AD976C0083FF5C /* Sources */ = {
			isa = PBXSourcesBuildPhase;
			buildActionMask = 2147483647;
			files = (
				DB5D08F219AD976C0083FF5C /* Volume_SetterTests.m in Sources */,
			);
			runOnlyForDeploymentPostprocessing = 0;
		};
/* End PBXSourcesBuildPhase section */

/* Begin PBXTargetDependency section */
		DB5D08EA19AD976C0083FF5C /* PBXTargetDependency */ = {
			isa = PBXTargetDependency;
			target = DB5D08C219AD976C0083FF5C /* Volume Setter */;
			targetProxy = DB5D08E919AD976C0083FF5C /* PBXContainerItemProxy */;
		};
/* End PBXTargetDependency section */

/* Begin PBXVariantGroup section */
		DB5D08CF19AD976C0083FF5C /* InfoPlist.strings */ = {
			isa = PBXVariantGroup;
			children = (
				DB5D08D019AD976C0083FF5C /* en */,
			);
			name = InfoPlist.strings;
			sourceTree = "<group>";
		};
		DB5D08D819AD976C0083FF5C /* Main.storyboard */ = {
			isa = PBXVariantGroup;
			children = (
				DB5D08D919AD976C0083FF5C /* Base */,
			);
			name = Main.storyboard;
			sourceTree = "<group>";
		};
		DB5D08EE19AD976C0083FF5C /* InfoPlist.strings */ = {
			isa = PBXVariantGroup;
			children = (
				DB5D08EF19AD976C0083FF5C /* en */,
			);
			name = InfoPlist.strings;
			sourceTree = "<group>";
		};
/* End PBXVariantGroup section */

/* Begin XCBuildConfiguration section */
		DB5D08F319AD976D0083FF5C /* Debug */ = {
			isa = XCBuildConfiguration;
			buildSettings = {
				ALWAYS_SEARCH_USER_PATHS = NO;
				CLANG_CXX_LANGUAGE_STANDARD = "gnu++0x";
				CLANG_CXX_LIBRARY = "libc++";
				CLANG_ENABLE_MODULES = YES;
				CLANG_ENABLE_OBJC_ARC = YES;
				CLANG_WARN_BOOL_CONVERSION = YES;
				CLANG_WARN_CONSTANT_CONVERSION = YES;
				CLANG_WARN_DIRECT_OBJC_ISA_USAGE = YES_ERROR;
				CLANG_WARN_EMPTY_BODY = YES;
				CLANG_WARN_ENUM_CONVERSION = YES;
				CLANG_WARN_INT_CONVERSION = YES;
				CLANG_WARN_OBJC_ROOT_CLASS = YES_ERROR;
				CLANG_WARN__DUPLICATE_METHOD_MATCH = YES;
				"CODE_SIGN_IDENTITY[sdk=iphoneos*]" = "iPhone Developer";
				COPY_PHASE_STRIP = NO;
				GCC_C_LANGUAGE_STANDARD = gnu99;
				GCC_DYNAMIC_NO_PIC = NO;
				GCC_OPTIMIZATION_LEVEL = 0;
				GCC_PREPROCESSOR_DEFINITIONS = (
					"DEBUG=1",
					"$(inherited)",
				);
				GCC_SYMBOLS_PRIVATE_EXTERN = NO;
				GCC_WARN_64_TO_32_BIT_CONVERSION = YES;
				GCC_WARN_ABOUT_RETURN_TYPE = YES_ERROR;
				GCC_WARN_UNDECLARED_SELECTOR = YES;
				GCC_WARN_UNINITIALIZED_AUTOS = YES_AGGRESSIVE;
				GCC_WARN_UNUSED_FUNCTION = YES;
				GCC_WARN_UNUSED_VARIABLE = YES;
				IPHONEOS_DEPLOYMENT_TARGET = 7.1;
				ONLY_ACTIVE_ARCH = YES;
				SDKROOT = iphoneos;
			};
			name = Debug;
		};
		DB5D08F419AD976D0083FF5C /* Release */ = {
			isa = XCBuildConfiguration;
			buildSettings = {
				ALWAYS_SEARCH_USER_PATHS = NO;
				CLANG_CXX_LANGUAGE_STANDARD = "gnu++0x";
				CLANG_CXX_LIBRARY = "libc++";
				CLANG_ENABLE_MODULES = YES;
				CLANG_ENABLE_OBJC_ARC = YES;
				CLANG_WARN_BOOL_CONVERSION = YES;
				CLANG_WARN_CONSTANT_CONVERSION = YES;
				CLANG_WARN_DIRECT_OBJC_ISA_USAGE = YES_ERROR;
				CLANG_WARN_EMPTY_BODY = YES;
				CLANG_WARN_ENUM_CONVERSION = YES;
				CLANG_WARN_INT_CONVERSION = YES;
				CLANG_WARN_OBJC_ROOT_CLASS = YES_ERROR;
				CLANG_WARN__DUPLICATE_METHOD_MATCH = YES;
				"CODE_SIGN_IDENTITY[sdk=iphoneos*]" = "iPhone Developer";
				COPY_PHASE_STRIP = YES;
				ENABLE_NS_ASSERTIONS = NO;
				GCC_C_LANGUAGE_STANDARD = gnu99;
				GCC_WARN_64_TO_32_BIT_CONVERSION = YES;
				GCC_WARN_ABOUT_RETURN_TYPE = YES_ERROR;
				GCC_WARN_UNDECLARED_SELECTOR = YES;
				GCC_WARN_UNINITIALIZED_AUTOS = YES_AGGRESSIVE;
				GCC_WARN_UNUSED_FUNCTION = YES;
				GCC_WARN_UNUSED_VARIABLE = YES;
				IPHONEOS_DEPLOYMENT_TARGET = 7.1;
				SDKROOT = iphoneos;
				VALIDATE_PRODUCT = YES;
			};
			name = Release;
		};
		DB5D08F619AD976D0083FF5C /* Debug */ = {
			isa = XCBuildConfiguration;
			buildSettings = {
				ASSETCATALOG_COMPILER_APPICON_NAME = AppIcon;
				ASSETCATALOG_COMPILER_LAUNCHIMAGE_NAME = LaunchImage;
				GCC_PRECOMPILE_PREFIX_HEADER = YES;
				GCC_PREFIX_HEADER = "Volume Setter/Volume Setter-Prefix.pch";
				INFOPLIST_FILE = "Volume Setter/Volume Setter-Info.plist";
				PRODUCT_NAME = "$(TARGET_NAME)";
				WRAPPER_EXTENSION = app;
			};
			name = Debug;
		};
		DB5D08F719AD976D0083FF5C /* Release */ = {
			isa = XCBuildConfiguration;
			buildSettings = {
				ASSETCATALOG_COMPILER_APPICON_NAME = AppIcon;
				ASSETCATALOG_COMPILER_LAUNCHIMAGE_NAME = LaunchImage;
				GCC_PRECOMPILE_PREFIX_HEADER = YES;
				GCC_PREFIX_HEADER = "Volume Setter/Volume Setter-Prefix.pch";
				INFOPLIST_FILE = "Volume Setter/Volume Setter-Info.plist";
				PRODUCT_NAME = "$(TARGET_NAME)";
				WRAPPER_EXTENSION = app;
			};
			name = Release;
		};
		DB5D08F919AD976D0083FF5C /* Debug */ = {
			isa = XCBuildConfiguration;
			buildSettings = {
				BUNDLE_LOADER = "$(BUILT_PRODUCTS_DIR)/Volume Setter.app/Volume Setter";
				FRAMEWORK_SEARCH_PATHS = (
					"$(SDKROOT)/Developer/Library/Frameworks",
					"$(inherited)",
					"$(DEVELOPER_FRAMEWORKS_DIR)",
				);
				GCC_PRECOMPILE_PREFIX_HEADER = YES;
				GCC_PREFIX_HEADER = "Volume Setter/Volume Setter-Prefix.pch";
				GCC_PREPROCESSOR_DEFINITIONS = (
					"DEBUG=1",
					"$(inherited)",
				);
				INFOPLIST_FILE = "Volume SetterTests/Volume SetterTests-Info.plist";
				PRODUCT_NAME = "$(TARGET_NAME)";
				TEST_HOST = "$(BUNDLE_LOADER)";
				WRAPPER_EXTENSION = xctest;
			};
			name = Debug;
		};
		DB5D08FA19AD976D0083FF5C /* Release */ = {
			isa = XCBuildConfiguration;
			buildSettings = {
				BUNDLE_LOADER = "$(BUILT_PRODUCTS_DIR)/Volume Setter.app/Volume Setter";
				FRAMEWORK_SEARCH_PATHS = (
					"$(SDKROOT)/Developer/Library/Frameworks",
					"$(inherited)",
					"$(DEVELOPER_FRAMEWORKS_DIR)",
				);
				GCC_PRECOMPILE_PREFIX_HEADER = YES;
				GCC_PREFIX_HEADER = "Volume Setter/Volume Setter-Prefix.pch";
				INFOPLIST_FILE = "Volume SetterTests/Volume SetterTests-Info.plist";
				PRODUCT_NAME = "$(TARGET_NAME)";
				TEST_HOST = "$(BUNDLE_LOADER)";
				WRAPPER_EXTENSION = xctest;
			};
			name = Release;
		};
/* End XCBuildConfiguration section */

/* Begin XCConfigurationList section */
		DB5D08BE19AD976C0083FF5C /* Build configuration list for PBXProject "Volume Setter" */ = {
			isa = XCConfigurationList;
			buildConfigurations = (
				DB5D08F319AD976D0083FF5C /* Debug */,
				DB5D08F419AD976D0083FF5C /* Release */,
			);
			defaultConfigurationIsVisible = 0;
			defaultConfigurationName = Release;
		};
		DB5D08F519AD976D0083FF5C /* Build configuration list for PBXNativeTarget "Volume Setter" */ = {
			isa = XCConfigurationList;
			buildConfigurations = (
				DB5D08F619AD976D0083FF5C /* Debug */,
				DB5D08F719AD976D0083FF5C /* Release */,
			);
			defaultConfigurationIsVisible = 0;
		};
		DB5D08F819AD976D0083FF5C /* Build configuration list for PBXNativeTarget "Volume SetterTests" */ = {
			isa = XCConfigurationList;
			buildConfigurations = (
				DB5D08F919AD976D0083FF5C /* Debug */,
				DB5D08FA19AD976D0083FF5C /* Release */,
			);
			defaultConfigurationIsVisible = 0;
		};
/* End XCConfigurationList section */
	};
	rootObject = DB5D08BB19AD976C0083FF5C /* Project object */;
}
